
Microsoft Visual Studio Solution File, Format Version 12.00
# Visual Studio 14
VisualStudioVersion = 14.0.25420.1
MinimumVisualStudioVersion = 10.0.40219.1
Project("{2150E333-8FDC-42A3-9474-1A3956D46DE8}") = ".Globals", ".Globals", "{EFA19DD2-3BD0-4609-A4B2-DE2CF2FE71DF}"
	ProjectSection(SolutionItems) = preProject
		.Globals\GlobalsAssemblyInfo.cs = .Globals\GlobalsAssemblyInfo.cs
		.Globals\GlobalVersionInfo.cs = .Globals\GlobalVersionInfo.cs
		.Globals\HQY.MyFuture.snk = .Globals\HQY.MyFuture.snk
	EndProjectSection
EndProject
Project("{2150E333-8FDC-42A3-9474-1A3956D46DE8}") = "UnitTest", "UnitTest", "{01CF7B3B-B86F-4F36-9E62-CFAF9CB07C52}"
EndProject
Project("{2150E333-8FDC-42A3-9474-1A3956D46DE8}") = "Src", "Src", "{8749BF28-6F5B-4CB7-8930-790FDD6B92E8}"
EndProject
Project("{2150E333-8FDC-42A3-9474-1A3956D46DE8}") = "Solution Items", "Solution Items", "{31B0840C-9578-46AE-BDD5-D77F9D5A0F0C}"
	ProjectSection(SolutionItems) = preProject
		global.json = global.json
		NuGet.config = NuGet.config
	EndProjectSection
EndProject
Project("{8BB2217D-0F2D-49D1-97BC-3654ED321F3B}") = "HQY.Future.Infrastructure", "Src\HQY.Future.Infrastructure\HQY.Future.Infrastructure.xproj", "{EBB5D93D-0213-456E-82AF-CB883501D2CC}"
EndProject
Project("{8BB2217D-0F2D-49D1-97BC-3654ED321F3B}") = "HQY.Future.Infrastructure.Test", "UnitTest\HQY.Future.Infrastructure.Test\HQY.Future.Infrastructure.Test.xproj", "{AFC5212D-1059-4017-A022-74A403885E78}"
EndProject
Global
	GlobalSection(SolutionConfigurationPlatforms) = preSolution
		Debug|Any CPU = Debug|Any CPU
		Release|Any CPU = Release|Any CPU
	EndGlobalSection
	GlobalSection(ProjectConfigurationPlatforms) = postSolution
		{EBB5D93D-0213-456E-82AF-CB883501D2CC}.Debug|Any CPU.ActiveCfg = Debug|Any CPU
		{EBB5D93D-0213-456E-82AF-CB883501D2CC}.Debug|Any CPU.Build.0 = Debug|Any CPU
		{EBB5D93D-0213-456E-82AF-CB883501D2CC}.Release|Any CPU.ActiveCfg = Release|Any CPU
		{EBB5D93D-0213-456E-82AF-CB883501D2CC}.Release|Any CPU.Build.0 = Release|Any CPU
		{AFC5212D-1059-4017-A022-74A403885E78}.Debug|Any CPU.ActiveCfg = Debug|Any CPU
		{AFC5212D-1059-4017-A022-74A403885E78}.Debug|Any CPU.Build.0 = Debug|Any CPU
		{AFC5212D-1059-4017-A022-74A403885E78}.Release|Any CPU.ActiveCfg = Release|Any CPU
		{AFC5212D-1059-4017-A022-74A403885E78}.Release|Any CPU.Build.0 = Release|Any CPU
	EndGlobalSection
	GlobalSection(SolutionProperties) = preSolution
		HideSolutionNode = FALSE
	EndGlobalSection
	GlobalSection(NestedProjects) = preSolution
		{EBB5D93D-0213-456E-82AF-CB883501D2CC} = {8749BF28-6F5B-4CB7-8930-790FDD6B92E8}
		{AFC5212D-1059-4017-A022-74A403885E78} = {01CF7B3B-B86F-4F36-9E62-CFAF9CB07C52}
	EndGlobalSection
EndGlobal
